// !$*UTF8*$!
{
	archiveVersion = 1;
	classes = {
	};
	objectVersion = 48;
	objects = {

/* Begin PBXBuildFile section */
		704BAACF21750BB000ED786C /* AppDelegate.swift in Sources */ = {isa = PBXBuildFile; fileRef = 704BAACE21750BB000ED786C /* AppDelegate.swift */; };
		704BAAD121750BB000ED786C /* ViewController.swift in Sources */ = {isa = PBXBuildFile; fileRef = 704BAAD021750BB000ED786C /* ViewController.swift */; };
		704BAAD421750BB000ED786C /* Main.storyboard in Resources */ = {isa = PBXBuildFile; fileRef = 704BAAD221750BB000ED786C /* Main.storyboard */; };
		704BAAD621750BB000ED786C /* Assets.xcassets in Resources */ = {isa = PBXBuildFile; fileRef = 704BAAD521750BB000ED786C /* Assets.xcassets */; };
		704BAAD921750BB000ED786C /* LaunchScreen.storyboard in Resources */ = {isa = PBXBuildFile; fileRef = 704BAAD721750BB000ED786C /* LaunchScreen.storyboard */; };
		704BAAE421750BB000ED786C /* TestTests.swift in Sources */ = {isa = PBXBuildFile; fileRef = 704BAAE321750BB000ED786C /* TestTests.swift */; };
		704BAAEF21750BB000ED786C /* TestUITests.swift in Sources */ = {isa = PBXBuildFile; fileRef = 704BAAEE21750BB000ED786C /* TestUITests.swift */; };
		704BAAFD2175156600ED786C /* TestTests.swift in Sources */ = {isa = PBXBuildFile; fileRef = 704BAAE321750BB000ED786C /* TestTests.swift */; };
/* End PBXBuildFile section */

/* Begin PBXContainerItemProxy section */
		704BAAE021750BB000ED786C /* PBXContainerItemProxy */ = {
			isa = PBXContainerItemProxy;
			containerPortal = 704BAAC321750BB000ED786C /* Project object */;
			proxyType = 1;
			remoteGlobalIDString = 704BAACA21750BB000ED786C;
			remoteInfo = Test;
		};
		704BAAEB21750BB000ED786C /* PBXContainerItemProxy */ = {
			isa = PBXContainerItemProxy;
			containerPortal = 704BAAC321750BB000ED786C /* Project object */;
			proxyType = 1;
			remoteGlobalIDString = 704BAACA21750BB000ED786C;
			remoteInfo = Test;
		};
/* End PBXContainerItemProxy section */

/* Begin PBXFileReference section */
		704BAACB21750BB000ED786C /* Test.app */ = {isa = PBXFileReference; explicitFileType = wrapper.application; includeInIndex = 0; path = Test.app; sourceTree = BUILT_PRODUCTS_DIR; };
		704BAACE21750BB000ED786C /* AppDelegate.swift */ = {isa = PBXFileReference; lastKnownFileType = sourcecode.swift; path = AppDelegate.swift; sourceTree = "<group>"; };
		704BAAD021750BB000ED786C /* ViewController.swift */ = {isa = PBXFileReference; lastKnownFileType = sourcecode.swift; path = ViewController.swift; sourceTree = "<group>"; };
		704BAAD321750BB000ED786C /* Base */ = {isa = PBXFileReference; lastKnownFileType = file.storyboard; name = Base; path = Base.lproj/Main.storyboard; sourceTree = "<group>"; };
		704BAAD521750BB000ED786C /* Assets.xcassets */ = {isa = PBXFileReference; lastKnownFileType = folder.assetcatalog; path = Assets.xcassets; sourceTree = "<group>"; };
		704BAAD821750BB000ED786C /* Base */ = {isa = PBXFileReference; lastKnownFileType = file.storyboard; name = Base; path = Base.lproj/LaunchScreen.storyboard; sourceTree = "<group>"; };
		704BAADA21750BB000ED786C /* Info.plist */ = {isa = PBXFileReference; lastKnownFileType = text.plist.xml; path = Info.plist; sourceTree = "<group>"; };
		704BAADF21750BB000ED786C /* TestTests.xctest */ = {isa = PBXFileReference; explicitFileType = wrapper.cfbundle; includeInIndex = 0; path = TestTests.xctest; sourceTree = BUILT_PRODUCTS_DIR; };
		704BAAE321750BB000ED786C /* TestTests.swift */ = {isa = PBXFileReference; lastKnownFileType = sourcecode.swift; path = TestTests.swift; sourceTree = "<group>"; };
		704BAAE521750BB000ED786C /* Info.plist */ = {isa = PBXFileReference; lastKnownFileType = text.plist.xml; path = Info.plist; sourceTree = "<group>"; };
		704BAAEA21750BB000ED786C /* TestUITests.xctest */ = {isa = PBXFileReference; explicitFileType = wrapper.cfbundle; includeInIndex = 0; path = TestUITests.xctest; sourceTree = BUILT_PRODUCTS_DIR; };
		704BAAEE21750BB000ED786C /* TestUITests.swift */ = {isa = PBXFileReference; lastKnownFileType = sourcecode.swift; path = TestUITests.swift; sourceTree = "<group>"; };
		704BAAF021750BB000ED786C /* Info.plist */ = {isa = PBXFileReference; lastKnownFileType = text.plist.xml; path = Info.plist; sourceTree = "<group>"; };
/* End PBXFileReference section */

/* Begin PBXFrameworksBuildPhase section */
		704BAAC821750BB000ED786C /* Frameworks */ = {
			isa = PBXFrameworksBuildPhase;
			buildActionMask = 2147483647;
			files = (
			);
			runOnlyForDeploymentPostprocessing = 0;
		};
		704BAADC21750BB000ED786C /* Frameworks */ = {
			isa = PBXFrameworksBuildPhase;
			buildActionMask = 2147483647;
			files = (
			);
			runOnlyForDeploymentPostprocessing = 0;
		};
		704BAAE721750BB000ED786C /* Frameworks */ = {
			isa = PBXFrameworksBuildPhase;
			buildActionMask = 2147483647;
			files = (
			);
			runOnlyForDeploymentPostprocessing = 0;
		};
/* End PBXFrameworksBuildPhase section */

/* Begin PBXGroup section */
		704BAAC221750BB000ED786C = {
			isa = PBXGroup;
			children = (
				704BAACD21750BB000ED786C /* Test */,
				704BAAE221750BB000ED786C /* TestTests */,
				704BAAED21750BB000ED786C /* TestUITests */,
				704BAACC21750BB000ED786C /* Products */,
			);
			sourceTree = "<group>";
		};
		704BAACC21750BB000ED786C /* Products */ = {
			isa = PBXGroup;
			children = (
				704BAACB21750BB000ED786C /* Test.app */,
				704BAADF21750BB000ED786C /* TestTests.xctest */,
				704BAAEA21750BB000ED786C /* TestUITests.xctest */,
			);
			name = Products;
			sourceTree = "<group>";
		};
		704BAACD21750BB000ED786C /* Test */ = {
			isa = PBXGroup;
			children = (
				704BAACE21750BB000ED786C /* AppDelegate.swift */,
				704BAAD021750BB000ED786C /* ViewController.swift */,
				704BAAD221750BB000ED786C /* Main.storyboard */,
				704BAAD521750BB000ED786C /* Assets.xcassets */,
				704BAAD721750BB000ED786C /* LaunchScreen.storyboard */,
				704BAADA21750BB000ED786C /* Info.plist */,
			);
			path = Test;
			sourceTree = "<group>";
		};
		704BAAE221750BB000ED786C /* TestTests */ = {
			isa = PBXGroup;
			children = (
				704BAAE321750BB000ED786C /* TestTests.swift */,
				704BAAE521750BB000ED786C /* Info.plist */,
			);
			path = TestTests;
			sourceTree = "<group>";
		};
		704BAAED21750BB000ED786C /* TestUITests */ = {
			isa = PBXGroup;
			children = (
				704BAAEE21750BB000ED786C /* TestUITests.swift */,
				704BAAF021750BB000ED786C /* Info.plist */,
			);
			path = TestUITests;
			sourceTree = "<group>";
		};
/* End PBXGroup section */

/* Begin PBXNativeTarget section */
		704BAACA21750BB000ED786C /* Test */ = {
			isa = PBXNativeTarget;
			buildConfigurationList = 704BAAF321750BB000ED786C /* Build configuration list for PBXNativeTarget "Test" */;
			buildPhases = (
				704BAAC721750BB000ED786C /* Sources */,
				704BAAC821750BB000ED786C /* Frameworks */,
				704BAAC921750BB000ED786C /* Resources */,
			);
			buildRules = (
			);
			dependencies = (
			);
			name = Test;
			productName = Test;
			productReference = 704BAACB21750BB000ED786C /* Test.app */;
			productType = "com.apple.product-type.application";
		};
		704BAADE21750BB000ED786C /* TestTests */ = {
			isa = PBXNativeTarget;
			buildConfigurationList = 704BAAF621750BB000ED786C /* Build configuration list for PBXNativeTarget "TestTests" */;
			buildPhases = (
				704BAADB21750BB000ED786C /* Sources */,
				704BAADC21750BB000ED786C /* Frameworks */,
				704BAADD21750BB000ED786C /* Resources */,
			);
			buildRules = (
			);
			dependencies = (
				704BAAE121750BB000ED786C /* PBXTargetDependency */,
			);
			name = TestTests;
			productName = TestTests;
			productReference = 704BAADF21750BB000ED786C /* TestTests.xctest */;
			productType = "com.apple.product-type.bundle.unit-test";
		};
		704BAAE921750BB000ED786C /* TestUITests */ = {
			isa = PBXNativeTarget;
			buildConfigurationList = 704BAAF921750BB000ED786C /* Build configuration list for PBXNativeTarget "TestUITests" */;
			buildPhases = (
				704BAAE621750BB000ED786C /* Sources */,
				704BAAE721750BB000ED786C /* Frameworks */,
				704BAAE821750BB000ED786C /* Resources */,
			);
			buildRules = (
			);
			dependencies = (
				704BAAEC21750BB000ED786C /* PBXTargetDependency */,
			);
			name = TestUITests;
			productName = TestUITests;
			productReference = 704BAAEA21750BB000ED786C /* TestUITests.xctest */;
			productType = "com.apple.product-type.bundle.ui-testing";
		};
/* End PBXNativeTarget section */

/* Begin PBXProject section */
		704BAAC321750BB000ED786C /* Project object */ = {
			isa = PBXProject;
			attributes = {
				LastSwiftUpdateCheck = 0920;
				LastUpgradeCheck = 0920;
				ORGANIZATIONNAME = "Kevin Friend";
				TargetAttributes = {
					704BAACA21750BB000ED786C = {
						CreatedOnToolsVersion = 9.2;
						ProvisioningStyle = Automatic;
					};
					704BAADE21750BB000ED786C = {
						CreatedOnToolsVersion = 9.2;
						ProvisioningStyle = Automatic;
						TestTargetID = 704BAACA21750BB000ED786C;
					};
					704BAAE921750BB000ED786C = {
						CreatedOnToolsVersion = 9.2;
						ProvisioningStyle = Automatic;
						TestTargetID = 704BAACA21750BB000ED786C;
					};
				};
			};
			buildConfigurationList = 704BAAC621750BB000ED786C /* Build configuration list for PBXProject "Test" */;
			compatibilityVersion = "Xcode 8.0";
			developmentRegion = en;
			hasScannedForEncodings = 0;
			knownRegions = (
				en,
				Base,
			);
			mainGroup = 704BAAC221750BB000ED786C;
			productRefGroup = 704BAACC21750BB000ED786C /* Products */;
			projectDirPath = "";
			projectRoot = "";
			targets = (
				704BAACA21750BB000ED786C /* Test */,
				704BAADE21750BB000ED786C /* TestTests */,
				704BAAE921750BB000ED786C /* TestUITests */,
			);
		};
/* End PBXProject section */

/* Begin PBXResourcesBuildPhase section */
		704BAAC921750BB000ED786C /* Resources */ = {
			isa = PBXResourcesBuildPhase;
			buildActionMask = 2147483647;
			files = (
				704BAAD921750BB000ED786C /* LaunchScreen.storyboard in Resources */,
				704BAAD621750BB000ED786C /* Assets.xcassets in Resources */,
				704BAAD421750BB000ED786C /* Main.storyboard in Resources */,
			);
			runOnlyForDeploymentPostprocessing = 0;
		};
		704BAADD21750BB000ED786C /* Resources */ = {
			isa = PBXResourcesBuildPhase;
			buildActionMask = 2147483647;
			files = (
			);
			runOnlyForDeploymentPostprocessing = 0;
		};
		704BAAE821750BB000ED786C /* Resources */ = {
			isa = PBXResourcesBuildPhase;
			buildActionMask = 2147483647;
			files = (
			);
			runOnlyForDeploymentPostprocessing = 0;
		};
/* End PBXResourcesBuildPhase section */

/* Begin PBXSourcesBuildPhase section */
		704BAAC721750BB000ED786C /* Sources */ = {
			isa = PBXSourcesBuildPhase;
			buildActionMask = 2147483647;
			files = (
				704BAAD121750BB000ED786C /* ViewController.swift in Sources */,
				704BAAFD2175156600ED786C /* TestTests.swift in Sources */,
				704BAACF21750BB000ED786C /* AppDelegate.swift in Sources */,
			);
			runOnlyForDeploymentPostprocessing = 0;
		};
		704BAADB21750BB000ED786C /* Sources */ = {
			isa = PBXSourcesBuildPhase;
			buildActionMask = 2147483647;
			files = (
				704BAAE421750BB000ED786C /* TestTests.swift in Sources */,
			);
			runOnlyForDeploymentPostprocessing = 0;
		};
		704BAAE621750BB000ED786C /* Sources */ = {
			isa = PBXSourcesBuildPhase;
			buildActionMask = 2147483647;
			files = (
				704BAAEF21750BB000ED786C /* TestUITests.swift in Sources */,
			);
			runOnlyForDeploymentPostprocessing = 0;
		};
/* End PBXSourcesBuildPhase section */

/* Begin PBXTargetDependency section */
		704BAAE121750BB000ED786C /* PBXTargetDependency */ = {
			isa = PBXTargetDependency;
			target = 704BAACA21750BB000ED786C /* Test */;
			targetProxy = 704BAAE021750BB000ED786C /* PBXContainerItemProxy */;
		};
		704BAAEC21750BB000ED786C /* PBXTargetDependency */ = {
			isa = PBXTargetDependency;
			target = 704BAACA21750BB000ED786C /* Test */;
			targetProxy = 704BAAEB21750BB000ED786C /* PBXContainerItemProxy */;
		};
/* End PBXTargetDependency section */

/* Begin PBXVariantGroup section */
		704BAAD221750BB000ED786C /* Main.storyboard */ = {
			isa = PBXVariantGroup;
			children = (
				704BAAD321750BB000ED786C /* Base */,
			);
			name = Main.storyboard;
			sourceTree = "<group>";
		};
		704BAAD721750BB000ED786C /* LaunchScreen.storyboard */ = {
			isa = PBXVariantGroup;
			children = (
				704BAAD821750BB000ED786C /* Base */,
			);
			name = LaunchScreen.storyboard;
			sourceTree = "<group>";
		};
/* End PBXVariantGroup section */

/* Begin XCBuildConfiguration section */
		704BAAF121750BB000ED786C /* Debug */ = {
			isa = XCBuildConfiguration;
			buildSettings = {
				ALWAYS_SEARCH_USER_PATHS = NO;
				CLANG_ANALYZER_NONNULL = YES;
				CLANG_ANALYZER_NUMBER_OBJECT_CONVERSION = YES_AGGRESSIVE;
				CLANG_CXX_LANGUAGE_STANDARD = "gnu++14";
				CLANG_CXX_LIBRARY = "libc++";
				CLANG_ENABLE_MODULES = YES;
				CLANG_ENABLE_OBJC_ARC = YES;
				CLANG_WARN_BLOCK_CAPTURE_AUTORELEASING = YES;
				CLANG_WARN_BOOL_CONVERSION = YES;
				CLANG_WARN_COMMA = YES;
				CLANG_WARN_CONSTANT_CONVERSION = YES;
				CLANG_WARN_DIRECT_OBJC_ISA_USAGE = YES_ERROR;
				CLANG_WARN_DOCUMENTATION_COMMENTS = YES;
				CLANG_WARN_EMPTY_BODY = YES;
				CLANG_WARN_ENUM_CONVERSION = YES;
				CLANG_WARN_INFINITE_RECURSION = YES;
				CLANG_WARN_INT_CONVERSION = YES;
				CLANG_WARN_NON_LITERAL_NULL_CONVERSION = YES;
				CLANG_WARN_OBJC_LITERAL_CONVERSION = YES;
				CLANG_WARN_OBJC_ROOT_CLASS = YES_ERROR;
				CLANG_WARN_RANGE_LOOP_ANALYSIS = YES;
				CLANG_WARN_STRICT_PROTOTYPES = YES;
				CLANG_WARN_SUSPICIOUS_MOVE = YES;
				CLANG_WARN_UNGUARDED_AVAILABILITY = YES_AGGRESSIVE;
				CLANG_WARN_UNREACHABLE_CODE = YES;
				CLANG_WARN__DUPLICATE_METHOD_MATCH = YES;
				CODE_SIGN_IDENTITY = "iPhone Developer";
				COPY_PHASE_STRIP = NO;
				DEBUG_INFORMATION_FORMAT = dwarf;
				ENABLE_STRICT_OBJC_MSGSEND = YES;
				ENABLE_TESTABILITY = YES;
				GCC_C_LANGUAGE_STANDARD = gnu11;
				GCC_DYNAMIC_NO_PIC = NO;
				GCC_NO_COMMON_BLOCKS = YES;
				GCC_OPTIMIZATION_LEVEL = 0;
				GCC_PREPROCESSOR_DEFINITIONS = (
					"DEBUG=1",
					"$(inherited)",
				);
				GCC_WARN_64_TO_32_BIT_CONVERSION = YES;
				GCC_WARN_ABOUT_RETURN_TYPE = YES_ERROR;
				GCC_WARN_UNDECLARED_SELECTOR = YES;
				GCC_WARN_UNINITIALIZED_AUTOS = YES_AGGRESSIVE;
				GCC_WARN_UNUSED_FUNCTION = YES;
				GCC_WARN_UNUSED_VARIABLE = YES;
				IPHONEOS_DEPLOYMENT_TARGET = 11.2;
				MTL_ENABLE_DEBUG_INFO = YES;
				ONLY_ACTIVE_ARCH = YES;
				SDKROOT = iphoneos;
				SWIFT_ACTIVE_COMPILATION_CONDITIONS = DEBUG;
				SWIFT_OPTIMIZATION_LEVEL = "-Onone";
			};
			name = Debug;
		};
		704BAAF221750BB000ED786C /* Release */ = {
			isa = XCBuildConfiguration;
			buildSettings = {
				ALWAYS_SEARCH_USER_PATHS = NO;
				CLANG_ANALYZER_NONNULL = YES;
				CLANG_ANALYZER_NUMBER_OBJECT_CONVERSION = YES_AGGRESSIVE;
				CLANG_CXX_LANGUAGE_STANDARD = "gnu++14";
				CLANG_CXX_LIBRARY = "libc++";
				CLANG_ENABLE_MODULES = YES;
				CLANG_ENABLE_OBJC_ARC = YES;
				CLANG_WARN_BLOCK_CAPTURE_AUTORELEASING = YES;
				CLANG_WARN_BOOL_CONVERSION = YES;
				CLANG_WARN_COMMA = YES;
				CLANG_WARN_CONSTANT_CONVERSION = YES;
				CLANG_WARN_DIRECT_OBJC_ISA_USAGE = YES_ERROR;
				CLANG_WARN_DOCUMENTATION_COMMENTS = YES;
				CLANG_WARN_EMPTY_BODY = YES;
				CLANG_WARN_ENUM_CONVERSION = YES;
				CLANG_WARN_INFINITE_RECURSION = YES;
				CLANG_WARN_INT_CONVERSION = YES;
				CLANG_WARN_NON_LITERAL_NULL_CONVERSION = YES;
				CLANG_WARN_OBJC_LITERAL_CONVERSION = YES;
				CLANG_WARN_OBJC_ROOT_CLASS = YES_ERROR;
				CLANG_WARN_RANGE_LOOP_ANALYSIS = YES;
				CLANG_WARN_STRICT_PROTOTYPES = YES;
				CLANG_WARN_SUSPICIOUS_MOVE = YES;
				CLANG_WARN_UNGUARDED_AVAILABILITY = YES_AGGRESSIVE;
				CLANG_WARN_UNREACHABLE_CODE = YES;
				CLANG_WARN__DUPLICATE_METHOD_MATCH = YES;
				CODE_SIGN_IDENTITY = "iPhone Developer";
				COPY_PHASE_STRIP = NO;
				DEBUG_INFORMATION_FORMAT = "dwarf-with-dsym";
				ENABLE_NS_ASSERTIONS = NO;
				ENABLE_STRICT_OBJC_MSGSEND = YES;
				GCC_C_LANGUAGE_STANDARD = gnu11;
				GCC_NO_COMMON_BLOCKS = YES;
				GCC_WARN_64_TO_32_BIT_CONVERSION = YES;
				GCC_WARN_ABOUT_RETURN_TYPE = YES_ERROR;
				GCC_WARN_UNDECLARED_SELECTOR = YES;
				GCC_WARN_UNINITIALIZED_AUTOS = YES_AGGRESSIVE;
				GCC_WARN_UNUSED_FUNCTION = YES;
				GCC_WARN_UNUSED_VARIABLE = YES;
				IPHONEOS_DEPLOYMENT_TARGET = 11.2;
				MTL_ENABLE_DEBUG_INFO = NO;
				SDKROOT = iphoneos;
				SWIFT_OPTIMIZATION_LEVEL = "-Owholemodule";
				VALIDATE_PRODUCT = YES;
			};
			name = Release;
		};
		704BAAF421750BB000ED786C /* Debug */ = {
			isa = XCBuildConfiguration;
			buildSettings = {
				ASSETCATALOG_COMPILER_APPICON_NAME = AppIcon;
				CODE_SIGN_STYLE = Automatic;
				INFOPLIST_FILE = Test/Info.plist;
				LD_RUNPATH_SEARCH_PATHS = "$(inherited) @executable_path/Frameworks";
				PRODUCT_BUNDLE_IDENTIFIER = test.Test;
				PRODUCT_NAME = "$(TARGET_NAME)";
				SWIFT_VERSION = 4.0;
				TARGETED_DEVICE_FAMILY = "1,2";
			};
			name = Debug;
		};
		704BAAF521750BB000ED786C /* Release */ = {
			isa = XCBuildConfiguration;
			buildSettings = {
				ASSETCATALOG_COMPILER_APPICON_NAME = AppIcon;
				CODE_SIGN_STYLE = Automatic;
				INFOPLIST_FILE = Test/Info.plist;
				LD_RUNPATH_SEARCH_PATHS = "$(inherited) @executable_path/Frameworks";
				PRODUCT_BUNDLE_IDENTIFIER = test.Test;
				PRODUCT_NAME = "$(TARGET_NAME)";
				SWIFT_VERSION = 4.0;
				TARGETED_DEVICE_FAMILY = "1,2";
			};
			name = Release;
		};
		704BAAF721750BB000ED786C /* Debug */ = {
			isa = XCBuildConfiguration;
			buildSettings = {
				ALWAYS_EMBED_SWIFT_STANDARD_LIBRARIES = YES;
				BUNDLE_LOADER = "$(TEST_HOST)";
				CODE_SIGN_STYLE = Automatic;
				INFOPLIST_FILE = TestTests/Info.plist;
				LD_RUNPATH_SEARCH_PATHS = "$(inherited) @executable_path/Frameworks @loader_path/Frameworks";
				PRODUCT_BUNDLE_IDENTIFIER = test.TestTests;
				PRODUCT_NAME = "$(TARGET_NAME)";
				SWIFT_VERSION = 4.0;
				TARGETED_DEVICE_FAMILY = "1,2";
				TEST_HOST = "$(BUILT_PRODUCTS_DIR)/Test.app/Test";
			};
			name = Debug;
		};
		704BAAF821750BB000ED786C /* Release */ = {
			isa = XCBuildConfiguration;
			buildSettings = {
				ALWAYS_EMBED_SWIFT_STANDARD_LIBRARIES = YES;
				BUNDLE_LOADER = "$(TEST_HOST)";
				CODE_SIGN_STYLE = Automatic;
				INFOPLIST_FILE = TestTests/Info.plist;
				LD_RUNPATH_SEARCH_PATHS = "$(inherited) @executable_path/Frameworks @loader_path/Frameworks";
				PRODUCT_BUNDLE_IDENTIFIER = test.TestTests;
				PRODUCT_NAME = "$(TARGET_NAME)";
				SWIFT_VERSION = 4.0;
				TARGETED_DEVICE_FAMILY = "1,2";
				TEST_HOST = "$(BUILT_PRODUCTS_DIR)/Test.app/Test";
			};
			name = Release;
		};
		704BAAFA21750BB000ED786C /* Debug */ = {
			isa = XCBuildConfiguration;
			buildSettings = {
				ALWAYS_EMBED_SWIFT_STANDARD_LIBRARIES = YES;
				CODE_SIGN_STYLE = Automatic;
				INFOPLIST_FILE = TestUITests/Info.plist;
				LD_RUNPATH_SEARCH_PATHS = "$(inherited) @executable_path/Frameworks @loader_path/Frameworks";
				PRODUCT_BUNDLE_IDENTIFIER = test.TestUITests;
				PRODUCT_NAME = "$(TARGET_NAME)";
				SWIFT_VERSION = 4.0;
				TARGETED_DEVICE_FAMILY = "1,2";
				TEST_TARGET_NAME = Test;
			};
			name = Debug;
		};
		704BAAFB21750BB000ED786C /* Release */ = {
			isa = XCBuildConfiguration;
			buildSettings = {
				ALWAYS_EMBED_SWIFT_STANDARD_LIBRARIES = YES;
				CODE_SIGN_STYLE = Automatic;
				INFOPLIST_FILE = TestUITests/Info.plist;
				LD_RUNPATH_SEARCH_PATHS = "$(inherited) @executable_path/Frameworks @loader_path/Frameworks";
				PRODUCT_BUNDLE_IDENTIFIER = test.TestUITests;
				PRODUCT_NAME = "$(TARGET_NAME)";
				SWIFT_VERSION = 4.0;
				TARGETED_DEVICE_FAMILY = "1,2";
				TEST_TARGET_NAME = Test;
			};
			name = Release;
		};
/* End XCBuildConfiguration section */

/* Begin XCConfigurationList section */
		704BAAC621750BB000ED786C /* Build configuration list for PBXProject "Test" */ = {
			isa = XCConfigurationList;
			buildConfigurations = (
				704BAAF121750BB000ED786C /* Debug */,
				704BAAF221750BB000ED786C /* Release */,
			);
			defaultConfigurationIsVisible = 0;
			defaultConfigurationName = Release;
		};
		704BAAF321750BB000ED786C /* Build configuration list for PBXNativeTarget "Test" */ = {
			isa = XCConfigurationList;
			buildConfigurations = (
				704BAAF421750BB000ED786C /* Debug */,
				704BAAF521750BB000ED786C /* Release */,
			);
			defaultConfigurationIsVisible = 0;
			defaultConfigurationName = Release;
		};
		704BAAF621750BB000ED786C /* Build configuration list for PBXNativeTarget "TestTests" */ = {
			isa = XCConfigurationList;
			buildConfigurations = (
				704BAAF721750BB000ED786C /* Debug */,
				704BAAF821750BB000ED786C /* Release */,
			);
			defaultConfigurationIsVisible = 0;
			defaultConfigurationName = Release;
		};
		704BAAF921750BB000ED786C /* Build configuration list for PBXNativeTarget "TestUITests" */ = {
			isa = XCConfigurationList;
			buildConfigurations = (
				704BAAFA21750BB000ED786C /* Debug */,
				704BAAFB21750BB000ED786C /* Release */,
			);
			defaultConfigurationIsVisible = 0;
			defaultConfigurationName = Release;
		};
/* End XCConfigurationList section */
	};
	rootObject = 704BAAC321750BB000ED786C /* Project object */;
}
